# @generated by Move, please check-in and do not edit manually.

[move]
version = 3
manifest_digest = "5AA8542EA46DE5FFE00B1AB9C9E1797E88FBDA534D058FD1615234E7C653854C"
deps_digest = "F8BBB0CCB2491CA29A3DF03D6F92277A4F3574266507ACD77214D37ECA3F3082"
dependencies = [
  { id = "Sui", name = "Sui" },
]

[[move.package]]
id = "MoveStdlib"
source = { git = "https://github.com/MystenLabs/sui.git", rev = "framework/testnet", subdir = "crates/sui-framework/packages/move-stdlib" }

[[move.package]]
id = "Sui"
source = { git = "https://github.com/MystenLabs/sui.git", rev = "framework/testnet", subdir = "crates/sui-framework/packages/sui-framework" }

dependencies = [
  { id = "MoveStdlib", name = "MoveStdlib" },
]

[move.toolchain-version]
compiler-version = "1.52.2"
edition = "2024.beta"
flavor = "sui"

[env]

[env.testnet]
chain-id = "4c78adac"
original-published-id = "0x8b9958618cdadcdcb0a3cb11274eb4a1c4a585c641516682e9104e5c6a054e21"
latest-published-id = "0x8b9958618cdadcdcb0a3cb11274eb4a1c4a585c641516682e9104e5c6a054e21"
published-version = "1"
